{
  "requires": true,
  "lockfileVersion": 1,
  "dependencies": {
    "bulma": {
      "version": "0.7.5",
      "resolved": "https://registry.npmjs.org/bulma/-/bulma-0.7.5.tgz",
      "integrity": "sha512-cX98TIn0I6sKba/DhW0FBjtaDpxTelU166pf7ICXpCCuplHWyu6C9LYZmL5PEsnePIeJaiorsTEzzNk3Tsm1hw==",
      "dev": true
    },
    "bulma-dashboard": {
      "version": "0.1.40",
      "resolved": "https://registry.npmjs.org/bulma-dashboard/-/bulma-dashboard-0.1.40.tgz",
      "integrity": "sha512-BkiGvhShPQx3ww3WnfH38OrTEr7s5qUmxfmiX5GZTee18gDXAU5imhBY9wJ6mzXq+tMBsa+PsLBheKggb9Llkw==",
      "dev": true
    },
    "minireset.css": {
      "version": "0.0.3",
      "resolved": "https://registry.npmjs.org/minireset.css/-/minireset.css-0.0.3.tgz",
      "integrity": "sha1-CxEtu9eAnqD8llOIt5/Sk5B3j+U=",
      "dev": true
    }
  }
}
