# THIS IS AN AUTOGENERATED FILE. DO NOT EDIT THIS FILE DIRECTLY.
# yarn lockfile v1


bulma-dashboard@^0.3.2:
  version "0.3.2"
  resolved "https://registry.npmjs.org/bulma-dashboard/-/bulma-dashboard-0.3.2.tgz"
  integrity sha512-HEcPY9PWss6q89vJeb9/gSi7b6ZMR4lilr1DzdhsoNoiMm0ocMfGvLDTjLvMq8t+cjEzNYml68y91y0hO47PnQ==

bulma@^0.9.4:
  version "0.9.4"
  resolved "https://registry.npmjs.org/bulma/-/bulma-0.9.4.tgz"
  integrity sha512-86FlT5+1GrsgKbPLRRY7cGDg8fsJiP/jzTqXXVqiUZZ2aZT8uemEOHlU1CDU+TxklPEZ11HZNNWclRBBecP4CQ==

minireset.css@^0.0.3:
  version "0.0.3"
  resolved "https://registry.npmjs.org/minireset.css/-/minireset.css-0.0.3.tgz"
  integrity sha1-CxEtu9eAnqD8llOIt5/Sk5B3j+U=
