# THIS IS AN AUTOGENERATED FILE. DO NOT EDIT THIS FILE DIRECTLY.
# yarn lockfile v1


bulma-dashboard@^0.1.35:
  version "0.1.40"
  resolved "https://registry.npmjs.org/bulma-dashboard/-/bulma-dashboard-0.1.40.tgz"
  integrity sha512-BkiGvhShPQx3ww3WnfH38OrTEr7s5qUmxfmiX5GZTee18gDXAU5imhBY9wJ6mzXq+tMBsa+PsLBheKggb9Llkw==

bulma@^0.8.0:
  version "0.8.0"
  resolved "https://registry.npmjs.org/bulma/-/bulma-0.8.0.tgz"
  integrity sha512-nhf3rGyiZh/VM7FrSJ/5KeLlfaFkXz0nYcXriynfPH4vVpnxnqyEwaNGdNCVzHyyCA3cHgkQAMpdF/SFbFGZfA==

minireset.css@^0.0.3:
  version "0.0.3"
  resolved "https://registry.npmjs.org/minireset.css/-/minireset.css-0.0.3.tgz"
  integrity sha1-CxEtu9eAnqD8llOIt5/Sk5B3j+U=
